
Microsoft Visual Studio Solution File, Format Version 12.00
# Visual Studio Version 17
VisualStudioVersion = 17.7.34031.279
MinimumVisualStudioVersion = 10.0.40219.1
Project("{FAE04EC0-301F-11D3-BF4B-00C04F79EFBC}") = "jzarcia", "jzarcia.csproj", "{9DAE9369-EB06-4437-8811-1E445620BF24}"
EndProject
Global
	GlobalSection(SolutionConfigurationPlatforms) = preSolution
		Debug|Any CPU = Debug|Any CPU
		Release|Any CPU = Release|Any CPU
	EndGlobalSection
	GlobalSection(ProjectConfigurationPlatforms) = postSolution
		{9DAE9369-EB06-4437-8811-1E445620BF24}.Debug|Any CPU.ActiveCfg = Debug|Any CPU
		{9DAE9369-EB06-4437-8811-1E445620BF24}.Debug|Any CPU.Build.0 = Debug|Any CPU
		{9DAE9369-EB06-4437-8811-1E445620BF24}.Release|Any CPU.ActiveCfg = Release|Any CPU
		{9DAE9369-EB06-4437-8811-1E445620BF24}.Release|Any CPU.Build.0 = Release|Any CPU
	EndGlobalSection
	GlobalSection(SolutionProperties) = preSolution
		HideSolutionNode = FALSE
	EndGlobalSection
	GlobalSection(ExtensibilityGlobals) = postSolution
		SolutionGuid = {4696F2CE-36E3-4809-91AE-CB5C42C757BE}
	EndGlobalSection
EndGlobal
